
Microsoft Visual Studio Solution File, Format Version 12.00
# Visual Studio Version 17
VisualStudioVersion = 17.8.34511.84
MinimumVisualStudioVersion = 10.0.40219.1
Project("{FAE04EC0-301F-11D3-BF4B-00C04F79EFBC}") = "AdventOfCode", "AdventOfCode.csproj", "{30268486-540C-42A2-8405-B18A81357C44}"
EndProject
Global
	GlobalSection(SolutionConfigurationPlatforms) = preSolution
		Debug|Any CPU = Debug|Any CPU
		Release|Any CPU = Release|Any CPU
	EndGlobalSection
	GlobalSection(ProjectConfigurationPlatforms) = postSolution
		{30268486-540C-42A2-8405-B18A81357C44}.Debug|Any CPU.ActiveCfg = Debug|Any CPU
		{30268486-540C-42A2-8405-B18A81357C44}.Debug|Any CPU.Build.0 = Debug|Any CPU
		{30268486-540C-42A2-8405-B18A81357C44}.Release|Any CPU.ActiveCfg = Release|Any CPU
		{30268486-540C-42A2-8405-B18A81357C44}.Release|Any CPU.Build.0 = Release|Any CPU
	EndGlobalSection
	GlobalSection(SolutionProperties) = preSolution
		HideSolutionNode = FALSE
	EndGlobalSection
	GlobalSection(ExtensibilityGlobals) = postSolution
		SolutionGuid = {0DD3B4B6-0DD2-4757-8306-4517AC5742F1}
	EndGlobalSection
EndGlobal
